
Microsoft Visual Studio Solution File, Format Version 12.00
Project("{2150E333-8FDC-42A3-9474-1A3956D46DE8}") = "src", "src", "{CBBE967F-E9E7-40EB-B715-DC25E8B934F1}"
EndProject
Project("{2150E333-8FDC-42A3-9474-1A3956D46DE8}") = "common", "common", "{7CB1E2A2-234A-44C6-A7ED-A097EE528419}"
	ProjectSection(SolutionItems) = preProject
		Dockerfile = Dockerfile
		.dockerignore = .dockerignore
		README.md = README.md
		.gitignore = .gitignore
	EndProjectSection
EndProject
Project("{FAE04EC0-301F-11D3-BF4B-00C04F79EFBC}") = "PresenceBot.Integration.Router", "src\PresenceBot.Integration.Router\PresenceBot.Integration.Router.csproj", "{6F3C4A2B-7A92-460F-A347-101D6101CC9A}"
EndProject
Project("{FAE04EC0-301F-11D3-BF4B-00C04F79EFBC}") = "PresenceBot.Integration.Router.DependencyInjection", "src\PresenceBot.Integration.Router.DependencyInjection\PresenceBot.Integration.Router.DependencyInjection.csproj", "{D10E0187-60AC-4AFF-90C3-074D7536B3B4}"
EndProject
Project("{2150E333-8FDC-42A3-9474-1A3956D46DE8}") = "tests", "tests", "{F706FD75-D134-4CAA-8C78-E58BDA1D0DF7}"
EndProject
Project("{FAE04EC0-301F-11D3-BF4B-00C04F79EFBC}") = "PresenceBot", "src\PresenceBot\PresenceBot.csproj", "{F17D4D52-7627-4258-BE17-BA33C3154F6B}"
EndProject
Project("{FAE04EC0-301F-11D3-BF4B-00C04F79EFBC}") = "PresenceBot.Core", "src\PresenceBot.Core\PresenceBot.Core.csproj", "{A787CCE2-2E7B-4456-8C8C-FA4E13C164D3}"
EndProject
Project("{FAE04EC0-301F-11D3-BF4B-00C04F79EFBC}") = "PresenceBot.Infrastructure", "src\PresenceBot.Infrastructure\PresenceBot.Infrastructure.csproj", "{5CA2825E-2A33-47A1-86C3-52BA80628E57}"
EndProject
Project("{FAE04EC0-301F-11D3-BF4B-00C04F79EFBC}") = "PresenceBot.Tests", "tests\PresenceBot.Tests\PresenceBot.Tests.csproj", "{8E6B7515-5C4A-4D11-8124-0D9787252257}"
EndProject
Project("{FAE04EC0-301F-11D3-BF4B-00C04F79EFBC}") = "PresenceBot.Services", "src\PresenceBot.Services\PresenceBot.Services.csproj", "{16073E53-EF16-40EB-ABF2-9AE6B8B32AEC}"
EndProject
Global
	GlobalSection(SolutionConfigurationPlatforms) = preSolution
		Debug|Any CPU = Debug|Any CPU
		Release|Any CPU = Release|Any CPU
	EndGlobalSection
	GlobalSection(NestedProjects) = preSolution
		{6F3C4A2B-7A92-460F-A347-101D6101CC9A} = {CBBE967F-E9E7-40EB-B715-DC25E8B934F1}
		{D10E0187-60AC-4AFF-90C3-074D7536B3B4} = {CBBE967F-E9E7-40EB-B715-DC25E8B934F1}
		{F17D4D52-7627-4258-BE17-BA33C3154F6B} = {CBBE967F-E9E7-40EB-B715-DC25E8B934F1}
		{A787CCE2-2E7B-4456-8C8C-FA4E13C164D3} = {CBBE967F-E9E7-40EB-B715-DC25E8B934F1}
		{5CA2825E-2A33-47A1-86C3-52BA80628E57} = {CBBE967F-E9E7-40EB-B715-DC25E8B934F1}
		{8E6B7515-5C4A-4D11-8124-0D9787252257} = {F706FD75-D134-4CAA-8C78-E58BDA1D0DF7}
		{16073E53-EF16-40EB-ABF2-9AE6B8B32AEC} = {CBBE967F-E9E7-40EB-B715-DC25E8B934F1}
	EndGlobalSection
	GlobalSection(ProjectConfigurationPlatforms) = postSolution
		{6F3C4A2B-7A92-460F-A347-101D6101CC9A}.Debug|Any CPU.ActiveCfg = Debug|Any CPU
		{6F3C4A2B-7A92-460F-A347-101D6101CC9A}.Debug|Any CPU.Build.0 = Debug|Any CPU
		{6F3C4A2B-7A92-460F-A347-101D6101CC9A}.Release|Any CPU.ActiveCfg = Release|Any CPU
		{6F3C4A2B-7A92-460F-A347-101D6101CC9A}.Release|Any CPU.Build.0 = Release|Any CPU
		{D10E0187-60AC-4AFF-90C3-074D7536B3B4}.Debug|Any CPU.ActiveCfg = Debug|Any CPU
		{D10E0187-60AC-4AFF-90C3-074D7536B3B4}.Debug|Any CPU.Build.0 = Debug|Any CPU
		{D10E0187-60AC-4AFF-90C3-074D7536B3B4}.Release|Any CPU.ActiveCfg = Release|Any CPU
		{D10E0187-60AC-4AFF-90C3-074D7536B3B4}.Release|Any CPU.Build.0 = Release|Any CPU
		{F17D4D52-7627-4258-BE17-BA33C3154F6B}.Debug|Any CPU.ActiveCfg = Debug|Any CPU
		{F17D4D52-7627-4258-BE17-BA33C3154F6B}.Debug|Any CPU.Build.0 = Debug|Any CPU
		{F17D4D52-7627-4258-BE17-BA33C3154F6B}.Release|Any CPU.ActiveCfg = Release|Any CPU
		{F17D4D52-7627-4258-BE17-BA33C3154F6B}.Release|Any CPU.Build.0 = Release|Any CPU
		{A787CCE2-2E7B-4456-8C8C-FA4E13C164D3}.Debug|Any CPU.ActiveCfg = Debug|Any CPU
		{A787CCE2-2E7B-4456-8C8C-FA4E13C164D3}.Debug|Any CPU.Build.0 = Debug|Any CPU
		{A787CCE2-2E7B-4456-8C8C-FA4E13C164D3}.Release|Any CPU.ActiveCfg = Release|Any CPU
		{A787CCE2-2E7B-4456-8C8C-FA4E13C164D3}.Release|Any CPU.Build.0 = Release|Any CPU
		{5CA2825E-2A33-47A1-86C3-52BA80628E57}.Debug|Any CPU.ActiveCfg = Debug|Any CPU
		{5CA2825E-2A33-47A1-86C3-52BA80628E57}.Debug|Any CPU.Build.0 = Debug|Any CPU
		{5CA2825E-2A33-47A1-86C3-52BA80628E57}.Release|Any CPU.ActiveCfg = Release|Any CPU
		{5CA2825E-2A33-47A1-86C3-52BA80628E57}.Release|Any CPU.Build.0 = Release|Any CPU
		{8E6B7515-5C4A-4D11-8124-0D9787252257}.Debug|Any CPU.ActiveCfg = Debug|Any CPU
		{8E6B7515-5C4A-4D11-8124-0D9787252257}.Debug|Any CPU.Build.0 = Debug|Any CPU
		{8E6B7515-5C4A-4D11-8124-0D9787252257}.Release|Any CPU.ActiveCfg = Release|Any CPU
		{8E6B7515-5C4A-4D11-8124-0D9787252257}.Release|Any CPU.Build.0 = Release|Any CPU
		{16073E53-EF16-40EB-ABF2-9AE6B8B32AEC}.Debug|Any CPU.ActiveCfg = Debug|Any CPU
		{16073E53-EF16-40EB-ABF2-9AE6B8B32AEC}.Debug|Any CPU.Build.0 = Debug|Any CPU
		{16073E53-EF16-40EB-ABF2-9AE6B8B32AEC}.Release|Any CPU.ActiveCfg = Release|Any CPU
		{16073E53-EF16-40EB-ABF2-9AE6B8B32AEC}.Release|Any CPU.Build.0 = Release|Any CPU
	EndGlobalSection
EndGlobal
